
Microsoft Visual Studio Solution File, Format Version 12.00
# Visual Studio Version 17
VisualStudioVersion = 17.4.33213.308
MinimumVisualStudioVersion = 10.0.40219.1
Project("{FAE04EC0-301F-11D3-BF4B-00C04F79EFBC}") = "PasswordGenerator", "PasswordGenerator.csproj", "{5A88C249-E51D-4E83-B259-6F5EB38464F6}"
EndProject
Global
	GlobalSection(SolutionConfigurationPlatforms) = preSolution
		Debug|Any CPU = Debug|Any CPU
		Release|Any CPU = Release|Any CPU
	EndGlobalSection
	GlobalSection(ProjectConfigurationPlatforms) = postSolution
		{5A88C249-E51D-4E83-B259-6F5EB38464F6}.Debug|Any CPU.ActiveCfg = Debug|Any CPU
		{5A88C249-E51D-4E83-B259-6F5EB38464F6}.Debug|Any CPU.Build.0 = Debug|Any CPU
		{5A88C249-E51D-4E83-B259-6F5EB38464F6}.Release|Any CPU.ActiveCfg = Release|Any CPU
		{5A88C249-E51D-4E83-B259-6F5EB38464F6}.Release|Any CPU.Build.0 = Release|Any CPU
	EndGlobalSection
	GlobalSection(SolutionProperties) = preSolution
		HideSolutionNode = FALSE
	EndGlobalSection
	GlobalSection(ExtensibilityGlobals) = postSolution
		SolutionGuid = {D5A28B0B-4F04-444A-9DFB-C8B57B5793A1}
	EndGlobalSection
EndGlobal
